
Microsoft Visual Studio Solution File, Format Version 12.00
# Visual Studio Version 16
VisualStudioVersion = 16.0.30717.126
MinimumVisualStudioVersion = 10.0.40219.1
Project("{FAE04EC0-301F-11D3-BF4B-00C04F79EFBC}") = "DemoForms", "DemoForms.csproj", "{5FD11861-0F19-4B42-9FB8-00774F252F69}"
EndProject
Global
	GlobalSection(SolutionConfigurationPlatforms) = preSolution
		Debug|Any CPU = Debug|Any CPU
		Release|Any CPU = Release|Any CPU
	EndGlobalSection
	GlobalSection(ProjectConfigurationPlatforms) = postSolution
		{5FD11861-0F19-4B42-9FB8-00774F252F69}.Debug|Any CPU.ActiveCfg = Debug|Any CPU
		{5FD11861-0F19-4B42-9FB8-00774F252F69}.Debug|Any CPU.Build.0 = Debug|Any CPU
		{5FD11861-0F19-4B42-9FB8-00774F252F69}.Release|Any CPU.ActiveCfg = Release|Any CPU
		{5FD11861-0F19-4B42-9FB8-00774F252F69}.Release|Any CPU.Build.0 = Release|Any CPU
	EndGlobalSection
	GlobalSection(SolutionProperties) = preSolution
		HideSolutionNode = FALSE
	EndGlobalSection
	GlobalSection(ExtensibilityGlobals) = postSolution
		SolutionGuid = {5D4EE2BE-3E0E-4097-BAEB-DDD3AE171512}
	EndGlobalSection
EndGlobal
